
Microsoft Visual Studio Solution File, Format Version 12.00
# Visual Studio Version 17
VisualStudioVersion = 17.14.36310.24
MinimumVisualStudioVersion = 10.0.40219.1
Project("{FAE04EC0-301F-11D3-BF4B-00C04F79EFBC}") = "Vehicle", "Vehicle\Vehicle.csproj", "{EF34237E-BDF2-407B-ABBC-40DD4DBD9530}"
EndProject
Project("{FAE04EC0-301F-11D3-BF4B-00C04F79EFBC}") = "VehicleAPI", "VehicleAPI\VehicleAPI.csproj", "{598C1C19-EB94-4269-A92C-58208148903F}"
EndProject
Global
	GlobalSection(SolutionConfigurationPlatforms) = preSolution
		Debug|Any CPU = Debug|Any CPU
		Release|Any CPU = Release|Any CPU
	EndGlobalSection
	GlobalSection(ProjectConfigurationPlatforms) = postSolution
		{EF34237E-BDF2-407B-ABBC-40DD4DBD9530}.Debug|Any CPU.ActiveCfg = Debug|Any CPU
		{EF34237E-BDF2-407B-ABBC-40DD4DBD9530}.Debug|Any CPU.Build.0 = Debug|Any CPU
		{EF34237E-BDF2-407B-ABBC-40DD4DBD9530}.Release|Any CPU.ActiveCfg = Release|Any CPU
		{EF34237E-BDF2-407B-ABBC-40DD4DBD9530}.Release|Any CPU.Build.0 = Release|Any CPU
		{598C1C19-EB94-4269-A92C-58208148903F}.Debug|Any CPU.ActiveCfg = Debug|Any CPU
		{598C1C19-EB94-4269-A92C-58208148903F}.Debug|Any CPU.Build.0 = Debug|Any CPU
		{598C1C19-EB94-4269-A92C-58208148903F}.Release|Any CPU.ActiveCfg = Release|Any CPU
		{598C1C19-EB94-4269-A92C-58208148903F}.Release|Any CPU.Build.0 = Release|Any CPU
	EndGlobalSection
	GlobalSection(SolutionProperties) = preSolution
		HideSolutionNode = FALSE
	EndGlobalSection
	GlobalSection(ExtensibilityGlobals) = postSolution
		SolutionGuid = {DA21A0F5-7DED-41C8-B5D1-ED95922612AE}
	EndGlobalSection
EndGlobal
